// !$*UTF8*$!
{
	archiveVersion = 1;
	classes = {
	};
	objectVersion = 46;
	objects = {

/* Begin PBXBuildFile section */
		C193E0191D11F70300B74C80 /* AppDelegate.swift in Sources */ = {isa = PBXBuildFile; fileRef = C193E0181D11F70300B74C80 /* AppDelegate.swift */; };
		C193E01B1D11F70300B74C80 /* ViewController.swift in Sources */ = {isa = PBXBuildFile; fileRef = C193E01A1D11F70300B74C80 /* ViewController.swift */; };
		C193E01E1D11F70300B74C80 /* Main.storyboard in Resources */ = {isa = PBXBuildFile; fileRef = C193E01C1D11F70300B74C80 /* Main.storyboard */; };
		C193E0201D11F70300B74C80 /* Assets.xcassets in Resources */ = {isa = PBXBuildFile; fileRef = C193E01F1D11F70300B74C80 /* Assets.xcassets */; };
		C193E0231D11F70300B74C80 /* LaunchScreen.storyboard in Resources */ = {isa = PBXBuildFile; fileRef = C193E0211D11F70300B74C80 /* LaunchScreen.storyboard */; };
		C193E02B1D11F7B800B74C80 /* ios_math.swift in Sources */ = {isa = PBXBuildFile; fileRef = C193E02A1D11F7B800B74C80 /* ios_math.swift */; };
/* End PBXBuildFile section */

/* Begin PBXFileReference section */
		C193E0151D11F70300B74C80 /* ios_math.app */ = {isa = PBXFileReference; explicitFileType = wrapper.application; includeInIndex = 0; path = ios_math.app; sourceTree = BUILT_PRODUCTS_DIR; };
		C193E0181D11F70300B74C80 /* AppDelegate.swift */ = {isa = PBXFileReference; lastKnownFileType = sourcecode.swift; path = AppDelegate.swift; sourceTree = "<group>"; };
		C193E01A1D11F70300B74C80 /* ViewController.swift */ = {isa = PBXFileReference; lastKnownFileType = sourcecode.swift; path = ViewController.swift; sourceTree = "<group>"; };
		C193E01D1D11F70300B74C80 /* Base */ = {isa = PBXFileReference; lastKnownFileType = file.storyboard; name = Base; path = Base.lproj/Main.storyboard; sourceTree = "<group>"; };
		C193E01F1D11F70300B74C80 /* Assets.xcassets */ = {isa = PBXFileReference; lastKnownFileType = folder.assetcatalog; path = Assets.xcassets; sourceTree = "<group>"; };
		C193E0221D11F70300B74C80 /* Base */ = {isa = PBXFileReference; lastKnownFileType = file.storyboard; name = Base; path = Base.lproj/LaunchScreen.storyboard; sourceTree = "<group>"; };
		C193E0241D11F70300B74C80 /* Info.plist */ = {isa = PBXFileReference; lastKnownFileType = text.plist.xml; path = Info.plist; sourceTree = "<group>"; };
		C193E02A1D11F7B800B74C80 /* ios_math.swift */ = {isa = PBXFileReference; fileEncoding = 4; lastKnownFileType = sourcecode.swift; path = ios_math.swift; sourceTree = "<group>"; };
/* End PBXFileReference section */

/* Begin PBXFrameworksBuildPhase section */
		C193E0121D11F70300B74C80 /* Frameworks */ = {
			isa = PBXFrameworksBuildPhase;
			buildActionMask = 2147483647;
			files = (
			);
			runOnlyForDeploymentPostprocessing = 0;
		};
/* End PBXFrameworksBuildPhase section */

/* Begin PBXGroup section */
		C193E00C1D11F70300B74C80 = {
			isa = PBXGroup;
			children = (
				C193E02A1D11F7B800B74C80 /* ios_math.swift */,
				C193E0171D11F70300B74C80 /* ios_math */,
				C193E0161D11F70300B74C80 /* Products */,
			);
			sourceTree = "<group>";
		};
		C193E0161D11F70300B74C80 /* Products */ = {
			isa = PBXGroup;
			children = (
				C193E0151D11F70300B74C80 /* ios_math.app */,
			);
			name = Products;
			sourceTree = "<group>";
		};
		C193E0171D11F70300B74C80 /* ios_math */ = {
			isa = PBXGroup;
			children = (
				C193E0181D11F70300B74C80 /* AppDelegate.swift */,
				C193E01A1D11F70300B74C80 /* ViewController.swift */,
				C193E01C1D11F70300B74C80 /* Main.storyboard */,
				C193E01F1D11F70300B74C80 /* Assets.xcassets */,
				C193E0211D11F70300B74C80 /* LaunchScreen.storyboard */,
				C193E0241D11F70300B74C80 /* Info.plist */,
			);
			path = ios_math;
			sourceTree = "<group>";
		};
/* End PBXGroup section */

/* Begin PBXNativeTarget section */
		C193E0141D11F70300B74C80 /* ios_math */ = {
			isa = PBXNativeTarget;
			buildConfigurationList = C193E0271D11F70300B74C80 /* Build configuration list for PBXNativeTarget "ios_math" */;
			buildPhases = (
				C193E0111D11F70300B74C80 /* Sources */,
				C193E0121D11F70300B74C80 /* Frameworks */,
				C193E0131D11F70300B74C80 /* Resources */,
			);
			buildRules = (
			);
			dependencies = (
			);
			name = ios_math;
			productName = ios_math;
			productReference = C193E0151D11F70300B74C80 /* ios_math.app */;
			productType = "com.apple.product-type.application";
		};
/* End PBXNativeTarget section */

/* Begin PBXProject section */
		C193E00D1D11F70300B74C80 /* Project object */ = {
			isa = PBXProject;
			attributes = {
				LastSwiftUpdateCheck = 0800;
				LastUpgradeCheck = 0800;
				ORGANIZATIONNAME = "Brian Jones";
				TargetAttributes = {
					C193E0141D11F70300B74C80 = {
						CreatedOnToolsVersion = 8.0;
						DevelopmentTeam = 4BFECS9F9D;
						DevelopmentTeamName = "Brian Jones (Personal Team)";
						ProvisioningStyle = Automatic;
					};
				};
			};
			buildConfigurationList = C193E0101D11F70300B74C80 /* Build configuration list for PBXProject "ios_math" */;
			compatibilityVersion = "Xcode 3.2";
			developmentRegion = English;
			hasScannedForEncodings = 0;
			knownRegions = (
				en,
				Base,
			);
			mainGroup = C193E00C1D11F70300B74C80;
			productRefGroup = C193E0161D11F70300B74C80 /* Products */;
			projectDirPath = "";
			projectRoot = "";
			targets = (
				C193E0141D11F70300B74C80 /* ios_math */,
			);
		};
/* End PBXProject section */

/* Begin PBXResourcesBuildPhase section */
		C193E0131D11F70300B74C80 /* Resources */ = {
			isa = PBXResourcesBuildPhase;
			buildActionMask = 2147483647;
			files = (
				C193E0231D11F70300B74C80 /* LaunchScreen.storyboard in Resources */,
				C193E0201D11F70300B74C80 /* Assets.xcassets in Resources */,
				C193E01E1D11F70300B74C80 /* Main.storyboard in Resources */,
			);
			runOnlyForDeploymentPostprocessing = 0;
		};
/* End PBXResourcesBuildPhase section */

/* Begin PBXSourcesBuildPhase section */
		C193E0111D11F70300B74C80 /* Sources */ = {
			isa = PBXSourcesBuildPhase;
			buildActionMask = 2147483647;
			files = (
				C193E02B1D11F7B800B74C80 /* ios_math.swift in Sources */,
				C193E01B1D11F70300B74C80 /* ViewController.swift in Sources */,
				C193E0191D11F70300B74C80 /* AppDelegate.swift in Sources */,
			);
			runOnlyForDeploymentPostprocessing = 0;
		};
/* End PBXSourcesBuildPhase section */

/* Begin PBXVariantGroup section */
		C193E01C1D11F70300B74C80 /* Main.storyboard */ = {
			isa = PBXVariantGroup;
			children = (
				C193E01D1D11F70300B74C80 /* Base */,
			);
			name = Main.storyboard;
			sourceTree = "<group>";
		};
		C193E0211D11F70300B74C80 /* LaunchScreen.storyboard */ = {
			isa = PBXVariantGroup;
			children = (
				C193E0221D11F70300B74C80 /* Base */,
			);
			name = LaunchScreen.storyboard;
			sourceTree = "<group>";
		};
/* End PBXVariantGroup section */

/* Begin XCBuildConfiguration section */
		C193E0251D11F70300B74C80 /* Debug */ = {
			isa = XCBuildConfiguration;
			buildSettings = {
				ALWAYS_SEARCH_USER_PATHS = NO;
				CLANG_ANALYZER_NONNULL = YES;
				CLANG_CXX_LANGUAGE_STANDARD = "gnu++0x";
				CLANG_CXX_LIBRARY = "libc++";
				CLANG_ENABLE_MODULES = YES;
				CLANG_ENABLE_OBJC_ARC = YES;
				CLANG_WARN_BOOL_CONVERSION = YES;
				CLANG_WARN_CONSTANT_CONVERSION = YES;
				CLANG_WARN_DIRECT_OBJC_ISA_USAGE = YES_ERROR;
				CLANG_WARN_DOCUMENTATION_COMMENTS = YES;
				CLANG_WARN_EMPTY_BODY = YES;
				CLANG_WARN_ENUM_CONVERSION = YES;
				CLANG_WARN_INT_CONVERSION = YES;
				CLANG_WARN_OBJC_ROOT_CLASS = YES_ERROR;
				CLANG_WARN_UNREACHABLE_CODE = YES;
				CLANG_WARN__DUPLICATE_METHOD_MATCH = YES;
				"CODE_SIGN_IDENTITY[sdk=iphoneos*]" = "iPhone Developer";
				COPY_PHASE_STRIP = NO;
				DEBUG_INFORMATION_FORMAT = dwarf;
				ENABLE_STRICT_OBJC_MSGSEND = YES;
				ENABLE_TESTABILITY = YES;
				GCC_C_LANGUAGE_STANDARD = gnu99;
				GCC_DYNAMIC_NO_PIC = NO;
				GCC_NO_COMMON_BLOCKS = YES;
				GCC_OPTIMIZATION_LEVEL = 0;
				GCC_PREPROCESSOR_DEFINITIONS = (
					"DEBUG=1",
					"$(inherited)",
				);
				GCC_WARN_64_TO_32_BIT_CONVERSION = YES;
				GCC_WARN_ABOUT_RETURN_TYPE = YES_ERROR;
				GCC_WARN_UNDECLARED_SELECTOR = YES;
				GCC_WARN_UNINITIALIZED_AUTOS = YES_AGGRESSIVE;
				GCC_WARN_UNUSED_FUNCTION = YES;
				GCC_WARN_UNUSED_VARIABLE = YES;
				IPHONEOS_DEPLOYMENT_TARGET = 10.0;
				MTL_ENABLE_DEBUG_INFO = YES;
				ONLY_ACTIVE_ARCH = YES;
				SDKROOT = iphoneos;
				SWIFT_ACTIVE_COMPILATION_CONDITIONS = DEBUG;
				SWIFT_OPTIMIZATION_LEVEL = "-Onone";
				TARGETED_DEVICE_FAMILY = "1,2";
			};
			name = Debug;
		};
		C193E0261D11F70300B74C80 /* Release */ = {
			isa = XCBuildConfiguration;
			buildSettings = {
				ALWAYS_SEARCH_USER_PATHS = NO;
				CLANG_ANALYZER_NONNULL = YES;
				CLANG_CXX_LANGUAGE_STANDARD = "gnu++0x";
				CLANG_CXX_LIBRARY = "libc++";
				CLANG_ENABLE_MODULES = YES;
				CLANG_ENABLE_OBJC_ARC = YES;
				CLANG_WARN_BOOL_CONVERSION = YES;
				CLANG_WARN_CONSTANT_CONVERSION = YES;
				CLANG_WARN_DIRECT_OBJC_ISA_USAGE = YES_ERROR;
				CLANG_WARN_DOCUMENTATION_COMMENTS = YES;
				CLANG_WARN_EMPTY_BODY = YES;
				CLANG_WARN_ENUM_CONVERSION = YES;
				CLANG_WARN_INT_CONVERSION = YES;
				CLANG_WARN_OBJC_ROOT_CLASS = YES_ERROR;
				CLANG_WARN_UNREACHABLE_CODE = YES;
				CLANG_WARN__DUPLICATE_METHOD_MATCH = YES;
				"CODE_SIGN_IDENTITY[sdk=iphoneos*]" = "iPhone Developer";
				COPY_PHASE_STRIP = NO;
				DEBUG_INFORMATION_FORMAT = "dwarf-with-dsym";
				ENABLE_NS_ASSERTIONS = NO;
				ENABLE_STRICT_OBJC_MSGSEND = YES;
				GCC_C_LANGUAGE_STANDARD = gnu99;
				GCC_NO_COMMON_BLOCKS = YES;
				GCC_WARN_64_TO_32_BIT_CONVERSION = YES;
				GCC_WARN_ABOUT_RETURN_TYPE = YES_ERROR;
				GCC_WARN_UNDECLARED_SELECTOR = YES;
				GCC_WARN_UNINITIALIZED_AUTOS = YES_AGGRESSIVE;
				GCC_WARN_UNUSED_FUNCTION = YES;
				GCC_WARN_UNUSED_VARIABLE = YES;
				IPHONEOS_DEPLOYMENT_TARGET = 10.0;
				MTL_ENABLE_DEBUG_INFO = NO;
				SDKROOT = iphoneos;
				SWIFT_OPTIMIZATION_LEVEL = "-Owholemodule";
				TARGETED_DEVICE_FAMILY = "1,2";
				VALIDATE_PRODUCT = YES;
			};
			name = Release;
		};
		C193E0281D11F70300B74C80 /* Debug */ = {
			isa = XCBuildConfiguration;
			buildSettings = {
				ASSETCATALOG_COMPILER_APPICON_NAME = AppIcon;
				INFOPLIST_FILE = ios_math/Info.plist;
				LD_RUNPATH_SEARCH_PATHS = "$(inherited) @executable_path/Frameworks";
				PRODUCT_BUNDLE_IDENTIFIER = "com.knu.ios-math";
				PRODUCT_NAME = "$(TARGET_NAME)";
				SWIFT_VERSION = 3.0;
			};
			name = Debug;
		};
		C193E0291D11F70300B74C80 /* Release */ = {
			isa = XCBuildConfiguration;
			buildSettings = {
				ASSETCATALOG_COMPILER_APPICON_NAME = AppIcon;
				INFOPLIST_FILE = ios_math/Info.plist;
				LD_RUNPATH_SEARCH_PATHS = "$(inherited) @executable_path/Frameworks";
				PRODUCT_BUNDLE_IDENTIFIER = "com.knu.ios-math";
				PRODUCT_NAME = "$(TARGET_NAME)";
				SWIFT_VERSION = 3.0;
			};
			name = Release;
		};
/* End XCBuildConfiguration section */

/* Begin XCConfigurationList section */
		C193E0101D11F70300B74C80 /* Build configuration list for PBXProject "ios_math" */ = {
			isa = XCConfigurationList;
			buildConfigurations = (
				C193E0251D11F70300B74C80 /* Debug */,
				C193E0261D11F70300B74C80 /* Release */,
			);
			defaultConfigurationIsVisible = 0;
			defaultConfigurationName = Release;
		};
		C193E0271D11F70300B74C80 /* Build configuration list for PBXNativeTarget "ios_math" */ = {
			isa = XCConfigurationList;
			buildConfigurations = (
				C193E0281D11F70300B74C80 /* Debug */,
				C193E0291D11F70300B74C80 /* Release */,
			);
			defaultConfigurationIsVisible = 0;
		};
/* End XCConfigurationList section */
	};
	rootObject = C193E00D1D11F70300B74C80 /* Project object */;
}
